
Microsoft Visual Studio Solution File, Format Version 12.00
# Visual Studio Version 17
VisualStudioVersion = 17.14.36221.1
MinimumVisualStudioVersion = 10.0.40219.1
Project("{FAE04EC0-301F-11D3-BF4B-00C04F79EFBC}") = "DesapegAutoWeb", "DesapegAutoWeb\DesapegAutoWeb.csproj", "{A1E59E09-7A98-4A35-B8A7-2F04F8FDB0C9}"
EndProject
Project("{FAE04EC0-301F-11D3-BF4B-00C04F79EFBC}") = "Core", "Core\Core.csproj", "{8DFE8DA0-3286-4C3F-9748-CF11E06BC95C}"
EndProject
Project("{FAE04EC0-301F-11D3-BF4B-00C04F79EFBC}") = "Service", "Service\Service.csproj", "{4BFFF71C-F34C-46AC-B4B9-CB7FF1D00A19}"
EndProject
Project("{FAE04EC0-301F-11D3-BF4B-00C04F79EFBC}") = "DesapegAutoWebTests", "DesapegAutoWebTests\DesapegAutoWebTests.csproj", "{7A139047-83F1-4F53-910A-FE38ADE5628F}"
EndProject
Project("{FAE04EC0-301F-11D3-BF4B-00C04F79EFBC}") = "ServiceTests", "ServiceTests\ServiceTests.csproj", "{53A6F278-92A8-42E9-AF0D-6D155529BEF5}"
EndProject
Global
	GlobalSection(SolutionConfigurationPlatforms) = preSolution
		Debug|Any CPU = Debug|Any CPU
		Release|Any CPU = Release|Any CPU
	EndGlobalSection
	GlobalSection(ProjectConfigurationPlatforms) = postSolution
		{A1E59E09-7A98-4A35-B8A7-2F04F8FDB0C9}.Debug|Any CPU.ActiveCfg = Debug|Any CPU
		{A1E59E09-7A98-4A35-B8A7-2F04F8FDB0C9}.Debug|Any CPU.Build.0 = Debug|Any CPU
		{A1E59E09-7A98-4A35-B8A7-2F04F8FDB0C9}.Release|Any CPU.ActiveCfg = Release|Any CPU
		{A1E59E09-7A98-4A35-B8A7-2F04F8FDB0C9}.Release|Any CPU.Build.0 = Release|Any CPU
		{8DFE8DA0-3286-4C3F-9748-CF11E06BC95C}.Debug|Any CPU.ActiveCfg = Debug|Any CPU
		{8DFE8DA0-3286-4C3F-9748-CF11E06BC95C}.Debug|Any CPU.Build.0 = Debug|Any CPU
		{8DFE8DA0-3286-4C3F-9748-CF11E06BC95C}.Release|Any CPU.ActiveCfg = Release|Any CPU
		{8DFE8DA0-3286-4C3F-9748-CF11E06BC95C}.Release|Any CPU.Build.0 = Release|Any CPU
		{4BFFF71C-F34C-46AC-B4B9-CB7FF1D00A19}.Debug|Any CPU.ActiveCfg = Debug|Any CPU
		{4BFFF71C-F34C-46AC-B4B9-CB7FF1D00A19}.Debug|Any CPU.Build.0 = Debug|Any CPU
		{4BFFF71C-F34C-46AC-B4B9-CB7FF1D00A19}.Release|Any CPU.ActiveCfg = Release|Any CPU
		{4BFFF71C-F34C-46AC-B4B9-CB7FF1D00A19}.Release|Any CPU.Build.0 = Release|Any CPU
		{7A139047-83F1-4F53-910A-FE38ADE5628F}.Debug|Any CPU.ActiveCfg = Debug|Any CPU
		{7A139047-83F1-4F53-910A-FE38ADE5628F}.Debug|Any CPU.Build.0 = Debug|Any CPU
		{7A139047-83F1-4F53-910A-FE38ADE5628F}.Release|Any CPU.ActiveCfg = Release|Any CPU
		{7A139047-83F1-4F53-910A-FE38ADE5628F}.Release|Any CPU.Build.0 = Release|Any CPU
		{53A6F278-92A8-42E9-AF0D-6D155529BEF5}.Debug|Any CPU.ActiveCfg = Debug|Any CPU
		{53A6F278-92A8-42E9-AF0D-6D155529BEF5}.Debug|Any CPU.Build.0 = Debug|Any CPU
		{53A6F278-92A8-42E9-AF0D-6D155529BEF5}.Release|Any CPU.ActiveCfg = Release|Any CPU
		{53A6F278-92A8-42E9-AF0D-6D155529BEF5}.Release|Any CPU.Build.0 = Release|Any CPU
	EndGlobalSection
	GlobalSection(SolutionProperties) = preSolution
		HideSolutionNode = FALSE
	EndGlobalSection
	GlobalSection(ExtensibilityGlobals) = postSolution
		SolutionGuid = {DACC92B8-E7C5-4F64-A47F-29C8BA4575E8}
	EndGlobalSection
EndGlobal
